
Microsoft Visual Studio Solution File, Format Version 12.00
# Visual Studio Version 16
VisualStudioVersion = 16.0.33214.272
MinimumVisualStudioVersion = 10.0.40219.1
Project("{FAE04EC0-301F-11D3-BF4B-00C04F79EFBC}") = "IntexMummy11", "IntexMummy11.csproj", "{92B094D8-19EF-4E06-A379-39D2CA05F539}"
EndProject
Global
	GlobalSection(SolutionConfigurationPlatforms) = preSolution
		Debug|Any CPU = Debug|Any CPU
		Release|Any CPU = Release|Any CPU
	EndGlobalSection
	GlobalSection(ProjectConfigurationPlatforms) = postSolution
		{92B094D8-19EF-4E06-A379-39D2CA05F539}.Debug|Any CPU.ActiveCfg = Debug|Any CPU
		{92B094D8-19EF-4E06-A379-39D2CA05F539}.Debug|Any CPU.Build.0 = Debug|Any CPU
		{92B094D8-19EF-4E06-A379-39D2CA05F539}.Release|Any CPU.ActiveCfg = Release|Any CPU
		{92B094D8-19EF-4E06-A379-39D2CA05F539}.Release|Any CPU.Build.0 = Release|Any CPU
	EndGlobalSection
	GlobalSection(SolutionProperties) = preSolution
		HideSolutionNode = FALSE
	EndGlobalSection
	GlobalSection(ExtensibilityGlobals) = postSolution
		SolutionGuid = {B350FC4D-462B-427B-BB6A-00277FECBD4B}
	EndGlobalSection
EndGlobal
